
Microsoft Visual Studio Solution File, Format Version 12.00
# Visual Studio Version 16
VisualStudioVersion = 16.0.30611.23
MinimumVisualStudioVersion = 10.0.40219.1
Project("{9A19103F-16F7-4668-BE54-9A1E7A4F7556}") = "V2.Website", "ECommerce_V2\V2.Website.csproj", "{9008B122-8C30-4C19-B062-561391CDFF5B}"
	ProjectSection(ProjectDependencies) = postProject
		{EA5D6286-3444-4FFA-8A3C-8A0009703237} = {EA5D6286-3444-4FFA-8A3C-8A0009703237}
		{03F17BFD-C778-4D71-94A9-661059D5544F} = {03F17BFD-C778-4D71-94A9-661059D5544F}
	EndProjectSection
EndProject
Project("{9A19103F-16F7-4668-BE54-9A1E7A4F7556}") = "V2.DAL", "V2.DAL\V2.DAL.csproj", "{03F17BFD-C778-4D71-94A9-661059D5544F}"
EndProject
Project("{9A19103F-16F7-4668-BE54-9A1E7A4F7556}") = "V2.BLL", "V2.BLL\V2.BLL.csproj", "{EA5D6286-3444-4FFA-8A3C-8A0009703237}"
	ProjectSection(ProjectDependencies) = postProject
		{03F17BFD-C778-4D71-94A9-661059D5544F} = {03F17BFD-C778-4D71-94A9-661059D5544F}
	EndProjectSection
EndProject
Global
	GlobalSection(SolutionConfigurationPlatforms) = preSolution
		Debug|Any CPU = Debug|Any CPU
		Release|Any CPU = Release|Any CPU
	EndGlobalSection
	GlobalSection(ProjectConfigurationPlatforms) = postSolution
		{9008B122-8C30-4C19-B062-561391CDFF5B}.Debug|Any CPU.ActiveCfg = Debug|Any CPU
		{9008B122-8C30-4C19-B062-561391CDFF5B}.Debug|Any CPU.Build.0 = Debug|Any CPU
		{9008B122-8C30-4C19-B062-561391CDFF5B}.Release|Any CPU.ActiveCfg = Release|Any CPU
		{9008B122-8C30-4C19-B062-561391CDFF5B}.Release|Any CPU.Build.0 = Release|Any CPU
		{03F17BFD-C778-4D71-94A9-661059D5544F}.Debug|Any CPU.ActiveCfg = Debug|Any CPU
		{03F17BFD-C778-4D71-94A9-661059D5544F}.Debug|Any CPU.Build.0 = Debug|Any CPU
		{03F17BFD-C778-4D71-94A9-661059D5544F}.Release|Any CPU.ActiveCfg = Release|Any CPU
		{03F17BFD-C778-4D71-94A9-661059D5544F}.Release|Any CPU.Build.0 = Release|Any CPU
		{EA5D6286-3444-4FFA-8A3C-8A0009703237}.Debug|Any CPU.ActiveCfg = Debug|Any CPU
		{EA5D6286-3444-4FFA-8A3C-8A0009703237}.Debug|Any CPU.Build.0 = Debug|Any CPU
		{EA5D6286-3444-4FFA-8A3C-8A0009703237}.Release|Any CPU.ActiveCfg = Release|Any CPU
		{EA5D6286-3444-4FFA-8A3C-8A0009703237}.Release|Any CPU.Build.0 = Release|Any CPU
	EndGlobalSection
	GlobalSection(SolutionProperties) = preSolution
		HideSolutionNode = FALSE
	EndGlobalSection
	GlobalSection(ExtensibilityGlobals) = postSolution
		SolutionGuid = {C4016CDA-816F-4236-8E81-B21C3C875529}
	EndGlobalSection
EndGlobal
